
Microsoft Visual Studio Solution File, Format Version 12.00
# Visual Studio Version 17
VisualStudioVersion = 17.0.31903.59
MinimumVisualStudioVersion = 10.0.40219.1
Project("{2150E333-8FDC-42A3-9474-1A3956D46DE8}") = "src", "src", "{A13F1150-1A8B-42AF-B5CD-B0DD5FD74BA2}"
EndProject
Project("{9A19103F-16F7-4668-BE54-9A1E7A4F7556}") = "Cake.Asciidoctor", "src\Cake.Asciidoctor\Cake.Asciidoctor.csproj", "{C353CA5B-9A27-4B20-A886-0C9C4D0B938F}"
EndProject
Project("{9A19103F-16F7-4668-BE54-9A1E7A4F7556}") = "Cake.Asciidoctor.Test", "src\Cake.Asciidoctor.Test\Cake.Asciidoctor.Test.csproj", "{3E1E6E35-67D2-47A8-8E95-5748BBDD727E}"
EndProject
Project("{2150E333-8FDC-42A3-9474-1A3956D46DE8}") = "Solution Items", "Solution Items", "{8C4E7483-75A1-42E0-91D6-0643D52567E4}"
	ProjectSection(SolutionItems) = preProject
		.editorconfig = .editorconfig
		Directory.Build.props = Directory.Build.props
		Directory.Build.targets = Directory.Build.targets
	EndProjectSection
EndProject
Project("{2150E333-8FDC-42A3-9474-1A3956D46DE8}") = "build", "build", "{89E6643A-E5CC-4009-BC76-148814192825}"
EndProject
Project("{9A19103F-16F7-4668-BE54-9A1E7A4F7556}") = "Build", "build\Build.csproj", "{7D358C61-9CBD-4FD8-AC9B-B55050C3C27E}"
EndProject
Global
	GlobalSection(SolutionConfigurationPlatforms) = preSolution
		Debug|Any CPU = Debug|Any CPU
		Release|Any CPU = Release|Any CPU
	EndGlobalSection
	GlobalSection(ProjectConfigurationPlatforms) = postSolution
		{C353CA5B-9A27-4B20-A886-0C9C4D0B938F}.Debug|Any CPU.ActiveCfg = Debug|Any CPU
		{C353CA5B-9A27-4B20-A886-0C9C4D0B938F}.Debug|Any CPU.Build.0 = Debug|Any CPU
		{C353CA5B-9A27-4B20-A886-0C9C4D0B938F}.Release|Any CPU.ActiveCfg = Release|Any CPU
		{C353CA5B-9A27-4B20-A886-0C9C4D0B938F}.Release|Any CPU.Build.0 = Release|Any CPU
		{3E1E6E35-67D2-47A8-8E95-5748BBDD727E}.Debug|Any CPU.ActiveCfg = Debug|Any CPU
		{3E1E6E35-67D2-47A8-8E95-5748BBDD727E}.Debug|Any CPU.Build.0 = Debug|Any CPU
		{3E1E6E35-67D2-47A8-8E95-5748BBDD727E}.Release|Any CPU.ActiveCfg = Release|Any CPU
		{3E1E6E35-67D2-47A8-8E95-5748BBDD727E}.Release|Any CPU.Build.0 = Release|Any CPU
		{7D358C61-9CBD-4FD8-AC9B-B55050C3C27E}.Debug|Any CPU.ActiveCfg = Debug|Any CPU
		{7D358C61-9CBD-4FD8-AC9B-B55050C3C27E}.Release|Any CPU.ActiveCfg = Release|Any CPU
	EndGlobalSection
	GlobalSection(SolutionProperties) = preSolution
		HideSolutionNode = FALSE
	EndGlobalSection
	GlobalSection(NestedProjects) = preSolution
		{C353CA5B-9A27-4B20-A886-0C9C4D0B938F} = {A13F1150-1A8B-42AF-B5CD-B0DD5FD74BA2}
		{3E1E6E35-67D2-47A8-8E95-5748BBDD727E} = {A13F1150-1A8B-42AF-B5CD-B0DD5FD74BA2}
		{7D358C61-9CBD-4FD8-AC9B-B55050C3C27E} = {89E6643A-E5CC-4009-BC76-148814192825}
	EndGlobalSection
	GlobalSection(ExtensibilityGlobals) = postSolution
		SolutionGuid = {4DFFA08A-E334-46C9-AAF3-48A1E38787B8}
	EndGlobalSection
EndGlobal
